
Microsoft Visual Studio Solution File, Format Version 12.00
# Visual Studio Version 17
VisualStudioVersion = 17.0.31903.59
MinimumVisualStudioVersion = 10.0.40219.1
Project("{2150E333-8FDC-42A3-9474-1A3956D46DE8}") = "Shared", "Shared", "{648D5C4F-C21B-45FA-AF56-C73DEC771822}"
EndProject
Project("{2150E333-8FDC-42A3-9474-1A3956D46DE8}") = "NServiceBusShared", "NServiceBusShared", "{1E67D0CA-0BD0-42DF-A732-80CAA9F95B33}"
EndProject
Project("{FAE04EC0-301F-11D3-BF4B-00C04F79EFBC}") = "SharedMessages", "Shared\NServiceBusShared\SharedMessages\SharedMessages.csproj", "{9817873D-6205-4322-9CD2-92012C2E5DC2}"
EndProject
Project("{2150E333-8FDC-42A3-9474-1A3956D46DE8}") = "Service1", "Service1", "{B1C49EF7-F2E8-4B29-A85E-980F3A7CBF35}"
EndProject
Project("{FAE04EC0-301F-11D3-BF4B-00C04F79EFBC}") = "Service1.Web", "Service1\Service1.Web\Service1.Web.csproj", "{9BB9F80E-A3DA-480F-AB34-C9E32F01312A}"
EndProject
Project("{FAE04EC0-301F-11D3-BF4B-00C04F79EFBC}") = "Service1.Application", "Service1\Service1.Application\Service1.Application.csproj", "{8521DD76-313F-42DB-9E41-F85927E2A872}"
EndProject
Project("{FAE04EC0-301F-11D3-BF4B-00C04F79EFBC}") = "Service1.Domain", "Service1\Service1.Domain\Service1.Domain.csproj", "{6A7C6C70-0CF2-4E59-A8DE-D8F5DA6AB9EB}"
EndProject
Project("{FAE04EC0-301F-11D3-BF4B-00C04F79EFBC}") = "Service1.Infrastructure", "Service1\Service1.Infrastructure\Service1.Infrastructure.csproj", "{9A968990-928B-4638-9F3E-1CCEBB47A478}"
EndProject
Project("{2150E333-8FDC-42A3-9474-1A3956D46DE8}") = "Service2", "Service2", "{2390DD81-D1C2-46B4-9A3A-525B9BA9672E}"
EndProject
Project("{FAE04EC0-301F-11D3-BF4B-00C04F79EFBC}") = "Service2.Web", "Service2\Service2.Web\Service2.Web.csproj", "{72A88AF9-A87E-4328-986B-5979B19F5613}"
EndProject
Project("{FAE04EC0-301F-11D3-BF4B-00C04F79EFBC}") = "Service2.Application", "Service2\Service2.Application\Service2.Application.csproj", "{25B16B3D-B583-46EA-8E64-BB1056999702}"
EndProject
Project("{FAE04EC0-301F-11D3-BF4B-00C04F79EFBC}") = "Service2.Domain", "Service2\Service2.Domain\Service2.Domain.csproj", "{4B359A9F-04D9-45F2-95E7-495F32ED982B}"
EndProject
Project("{FAE04EC0-301F-11D3-BF4B-00C04F79EFBC}") = "Service2.Infrastructure", "Service2\Service2.Infrastructure\Service2.Infrastructure.csproj", "{7BDF280E-C0BF-43E4-BE21-9EF1F2D047FE}"
EndProject
Project("{2150E333-8FDC-42A3-9474-1A3956D46DE8}") = "Service3", "Service3", "{78587EF4-AF2C-480F-924D-928B49D1AF5F}"
EndProject
Project("{FAE04EC0-301F-11D3-BF4B-00C04F79EFBC}") = "Service3.Web", "Service3\Service3.Web\Service3.Web.csproj", "{3F402258-3629-4701-8EC9-299A197ED57A}"
EndProject
Project("{FAE04EC0-301F-11D3-BF4B-00C04F79EFBC}") = "Service3.Application", "Service3\Service3.Application\Service3.Application.csproj", "{801B63D1-C53C-45A9-92C0-577994431F98}"
EndProject
Project("{FAE04EC0-301F-11D3-BF4B-00C04F79EFBC}") = "Service3.Domain", "Service3\Service3.Domain\Service3.Domain.csproj", "{D420FD9E-F63D-41FE-948C-F8F171FFC36A}"
EndProject
Project("{FAE04EC0-301F-11D3-BF4B-00C04F79EFBC}") = "Service3.Infrastructure", "Service3\Service3.Infrastructure\Service3.Infrastructure.csproj", "{9597C7DD-E156-4B27-8B2E-6721A68F474F}"
EndProject
Global
	GlobalSection(SolutionConfigurationPlatforms) = preSolution
		Debug|Any CPU = Debug|Any CPU
		Release|Any CPU = Release|Any CPU
	EndGlobalSection
	GlobalSection(SolutionProperties) = preSolution
		HideSolutionNode = FALSE
	EndGlobalSection
	GlobalSection(ProjectConfigurationPlatforms) = postSolution
		{9817873D-6205-4322-9CD2-92012C2E5DC2}.Debug|Any CPU.ActiveCfg = Debug|Any CPU
		{9817873D-6205-4322-9CD2-92012C2E5DC2}.Debug|Any CPU.Build.0 = Debug|Any CPU
		{9817873D-6205-4322-9CD2-92012C2E5DC2}.Release|Any CPU.ActiveCfg = Release|Any CPU
		{9817873D-6205-4322-9CD2-92012C2E5DC2}.Release|Any CPU.Build.0 = Release|Any CPU
		{9BB9F80E-A3DA-480F-AB34-C9E32F01312A}.Debug|Any CPU.ActiveCfg = Debug|Any CPU
		{9BB9F80E-A3DA-480F-AB34-C9E32F01312A}.Debug|Any CPU.Build.0 = Debug|Any CPU
		{9BB9F80E-A3DA-480F-AB34-C9E32F01312A}.Release|Any CPU.ActiveCfg = Release|Any CPU
		{9BB9F80E-A3DA-480F-AB34-C9E32F01312A}.Release|Any CPU.Build.0 = Release|Any CPU
		{8521DD76-313F-42DB-9E41-F85927E2A872}.Debug|Any CPU.ActiveCfg = Debug|Any CPU
		{8521DD76-313F-42DB-9E41-F85927E2A872}.Debug|Any CPU.Build.0 = Debug|Any CPU
		{8521DD76-313F-42DB-9E41-F85927E2A872}.Release|Any CPU.ActiveCfg = Release|Any CPU
		{8521DD76-313F-42DB-9E41-F85927E2A872}.Release|Any CPU.Build.0 = Release|Any CPU
		{6A7C6C70-0CF2-4E59-A8DE-D8F5DA6AB9EB}.Debug|Any CPU.ActiveCfg = Debug|Any CPU
		{6A7C6C70-0CF2-4E59-A8DE-D8F5DA6AB9EB}.Debug|Any CPU.Build.0 = Debug|Any CPU
		{6A7C6C70-0CF2-4E59-A8DE-D8F5DA6AB9EB}.Release|Any CPU.ActiveCfg = Release|Any CPU
		{6A7C6C70-0CF2-4E59-A8DE-D8F5DA6AB9EB}.Release|Any CPU.Build.0 = Release|Any CPU
		{9A968990-928B-4638-9F3E-1CCEBB47A478}.Debug|Any CPU.ActiveCfg = Debug|Any CPU
		{9A968990-928B-4638-9F3E-1CCEBB47A478}.Debug|Any CPU.Build.0 = Debug|Any CPU
		{9A968990-928B-4638-9F3E-1CCEBB47A478}.Release|Any CPU.ActiveCfg = Release|Any CPU
		{9A968990-928B-4638-9F3E-1CCEBB47A478}.Release|Any CPU.Build.0 = Release|Any CPU
		{72A88AF9-A87E-4328-986B-5979B19F5613}.Debug|Any CPU.ActiveCfg = Debug|Any CPU
		{72A88AF9-A87E-4328-986B-5979B19F5613}.Debug|Any CPU.Build.0 = Debug|Any CPU
		{72A88AF9-A87E-4328-986B-5979B19F5613}.Release|Any CPU.ActiveCfg = Release|Any CPU
		{72A88AF9-A87E-4328-986B-5979B19F5613}.Release|Any CPU.Build.0 = Release|Any CPU
		{25B16B3D-B583-46EA-8E64-BB1056999702}.Debug|Any CPU.ActiveCfg = Debug|Any CPU
		{25B16B3D-B583-46EA-8E64-BB1056999702}.Debug|Any CPU.Build.0 = Debug|Any CPU
		{25B16B3D-B583-46EA-8E64-BB1056999702}.Release|Any CPU.ActiveCfg = Release|Any CPU
		{25B16B3D-B583-46EA-8E64-BB1056999702}.Release|Any CPU.Build.0 = Release|Any CPU
		{4B359A9F-04D9-45F2-95E7-495F32ED982B}.Debug|Any CPU.ActiveCfg = Debug|Any CPU
		{4B359A9F-04D9-45F2-95E7-495F32ED982B}.Debug|Any CPU.Build.0 = Debug|Any CPU
		{4B359A9F-04D9-45F2-95E7-495F32ED982B}.Release|Any CPU.ActiveCfg = Release|Any CPU
		{4B359A9F-04D9-45F2-95E7-495F32ED982B}.Release|Any CPU.Build.0 = Release|Any CPU
		{7BDF280E-C0BF-43E4-BE21-9EF1F2D047FE}.Debug|Any CPU.ActiveCfg = Debug|Any CPU
		{7BDF280E-C0BF-43E4-BE21-9EF1F2D047FE}.Debug|Any CPU.Build.0 = Debug|Any CPU
		{7BDF280E-C0BF-43E4-BE21-9EF1F2D047FE}.Release|Any CPU.ActiveCfg = Release|Any CPU
		{7BDF280E-C0BF-43E4-BE21-9EF1F2D047FE}.Release|Any CPU.Build.0 = Release|Any CPU
		{3F402258-3629-4701-8EC9-299A197ED57A}.Debug|Any CPU.ActiveCfg = Debug|Any CPU
		{3F402258-3629-4701-8EC9-299A197ED57A}.Debug|Any CPU.Build.0 = Debug|Any CPU
		{3F402258-3629-4701-8EC9-299A197ED57A}.Release|Any CPU.ActiveCfg = Release|Any CPU
		{3F402258-3629-4701-8EC9-299A197ED57A}.Release|Any CPU.Build.0 = Release|Any CPU
		{801B63D1-C53C-45A9-92C0-577994431F98}.Debug|Any CPU.ActiveCfg = Debug|Any CPU
		{801B63D1-C53C-45A9-92C0-577994431F98}.Debug|Any CPU.Build.0 = Debug|Any CPU
		{801B63D1-C53C-45A9-92C0-577994431F98}.Release|Any CPU.ActiveCfg = Release|Any CPU
		{801B63D1-C53C-45A9-92C0-577994431F98}.Release|Any CPU.Build.0 = Release|Any CPU
		{D420FD9E-F63D-41FE-948C-F8F171FFC36A}.Debug|Any CPU.ActiveCfg = Debug|Any CPU
		{D420FD9E-F63D-41FE-948C-F8F171FFC36A}.Debug|Any CPU.Build.0 = Debug|Any CPU
		{D420FD9E-F63D-41FE-948C-F8F171FFC36A}.Release|Any CPU.ActiveCfg = Release|Any CPU
		{D420FD9E-F63D-41FE-948C-F8F171FFC36A}.Release|Any CPU.Build.0 = Release|Any CPU
		{9597C7DD-E156-4B27-8B2E-6721A68F474F}.Debug|Any CPU.ActiveCfg = Debug|Any CPU
		{9597C7DD-E156-4B27-8B2E-6721A68F474F}.Debug|Any CPU.Build.0 = Debug|Any CPU
		{9597C7DD-E156-4B27-8B2E-6721A68F474F}.Release|Any CPU.ActiveCfg = Release|Any CPU
		{9597C7DD-E156-4B27-8B2E-6721A68F474F}.Release|Any CPU.Build.0 = Release|Any CPU
	EndGlobalSection
	GlobalSection(NestedProjects) = preSolution
		{1E67D0CA-0BD0-42DF-A732-80CAA9F95B33} = {648D5C4F-C21B-45FA-AF56-C73DEC771822}
		{9817873D-6205-4322-9CD2-92012C2E5DC2} = {1E67D0CA-0BD0-42DF-A732-80CAA9F95B33}
		{9BB9F80E-A3DA-480F-AB34-C9E32F01312A} = {B1C49EF7-F2E8-4B29-A85E-980F3A7CBF35}
		{8521DD76-313F-42DB-9E41-F85927E2A872} = {B1C49EF7-F2E8-4B29-A85E-980F3A7CBF35}
		{6A7C6C70-0CF2-4E59-A8DE-D8F5DA6AB9EB} = {B1C49EF7-F2E8-4B29-A85E-980F3A7CBF35}
		{9A968990-928B-4638-9F3E-1CCEBB47A478} = {B1C49EF7-F2E8-4B29-A85E-980F3A7CBF35}
		{72A88AF9-A87E-4328-986B-5979B19F5613} = {2390DD81-D1C2-46B4-9A3A-525B9BA9672E}
		{25B16B3D-B583-46EA-8E64-BB1056999702} = {2390DD81-D1C2-46B4-9A3A-525B9BA9672E}
		{4B359A9F-04D9-45F2-95E7-495F32ED982B} = {2390DD81-D1C2-46B4-9A3A-525B9BA9672E}
		{7BDF280E-C0BF-43E4-BE21-9EF1F2D047FE} = {2390DD81-D1C2-46B4-9A3A-525B9BA9672E}
		{3F402258-3629-4701-8EC9-299A197ED57A} = {78587EF4-AF2C-480F-924D-928B49D1AF5F}
		{801B63D1-C53C-45A9-92C0-577994431F98} = {78587EF4-AF2C-480F-924D-928B49D1AF5F}
		{D420FD9E-F63D-41FE-948C-F8F171FFC36A} = {78587EF4-AF2C-480F-924D-928B49D1AF5F}
		{9597C7DD-E156-4B27-8B2E-6721A68F474F} = {78587EF4-AF2C-480F-924D-928B49D1AF5F}
	EndGlobalSection
EndGlobal
